
Microsoft Visual Studio Solution File, Format Version 12.00
# Visual Studio Version 16
VisualStudioVersion = 16.0.30907.101
MinimumVisualStudioVersion = 10.0.40219.1
Project("{FAE04EC0-301F-11D3-BF4B-00C04F79EFBC}") = "Braveior.MongoDB.FuzzyTextSearch", "Braveior.MongoDB.FuzzyTextSearch\Braveior.MongoDB.FuzzyTextSearch.csproj", "{187B4412-16A6-4962-A1BD-CB4808CD12CB}"
EndProject
Global
	GlobalSection(SolutionConfigurationPlatforms) = preSolution
		Debug|Any CPU = Debug|Any CPU
		Release|Any CPU = Release|Any CPU
	EndGlobalSection
	GlobalSection(ProjectConfigurationPlatforms) = postSolution
		{187B4412-16A6-4962-A1BD-CB4808CD12CB}.Debug|Any CPU.ActiveCfg = Debug|Any CPU
		{187B4412-16A6-4962-A1BD-CB4808CD12CB}.Debug|Any CPU.Build.0 = Debug|Any CPU
		{187B4412-16A6-4962-A1BD-CB4808CD12CB}.Release|Any CPU.ActiveCfg = Release|Any CPU
		{187B4412-16A6-4962-A1BD-CB4808CD12CB}.Release|Any CPU.Build.0 = Release|Any CPU
	EndGlobalSection
	GlobalSection(SolutionProperties) = preSolution
		HideSolutionNode = FALSE
	EndGlobalSection
	GlobalSection(ExtensibilityGlobals) = postSolution
		SolutionGuid = {D841D2EA-CD44-4457-8523-EDD2321ED7BA}
	EndGlobalSection
EndGlobal
